hash: 99ce852ecdb046dd49270960af4b9e134dc4f02e631ea0e60636f01720a11cb0
updated: 2018-07-07T23:48:40.92389389+08:00
imports:
- name: github.com/boltdb/bolt
  version: 2f1ce7a837dcb8da3ec595b1dac9d0632f0f99e8
- name: github.com/cespare/xxhash
  version: 48099fad606eafc26e3a569fad19ff510fff4df6
- name: github.com/coocood/freecache
  version: f3233c8095b26cd0dea0b136b931708c05defa08
- name: github.com/elazarl/go-bindata-assetfs
  version: 30f82fa23fd844bd5bb1e5f216db87fd77b5eb43
- name: github.com/gin-contrib/sse
  version: 22d885f9ecc78bf4ee5d72b937e4bbcdc58e8cae
- name: github.com/gin-gonic/gin
  version: d459835d2b077e44f7c9b453505ee29881d5d12d
  subpackages:
  - binding
  - render
- name: github.com/go-redis/redis
  version: 83fb42932f6145ce52df09860384a4653d2d332a
  subpackages:
  - internal
  - internal/consistenthash
  - internal/hashtag
  - internal/pool
  - internal/proto
  - internal/singleflight
  - internal/util
- name: github.com/golang/protobuf
  version: 927b65914520a8b7d44f5c9057611cfec6b2e2d0
  subpackages:
  - proto
- name: github.com/mattn/go-isatty
  version: 6ca4dbf54d38eea1a992b3c722a76a5d1c4cb25c
- name: github.com/OneOfOne/xxhash
  version: 6def279d2ce6c81a79dd1c1be580f03bb216fb8a
- name: github.com/sirupsen/logrus
  version: c155da19408a8799da419ed3eeb0cb5db0ad5dbc
  repo: https://github.com/sirupsen/logrus.git
- name: github.com/ugorji/go
  version: f3cacc17c85ecb7f1b6a9e373ee85d1480919868
  subpackages:
  - codec
- name: github.com/wrfly/ecp
  version: 8d31e5686b64103c7662354f3806f31c4c00449d
- name: github.com/wrfly/testing-kit
  version: add40b9fc2c1b6f15bab4817cf5e64c780291c6a
  subpackages:
  - util/tokenbucket
- name: golang.org/x/crypto
  version: 1a580b3eff7814fc9b40602fd35256c63b50f491
  repo: https://github.com/golang/crypto.git
  subpackages:
  - ssh/terminal
- name: golang.org/x/sys
  version: 7c87d13f8e835d2fb3a70a2912c811ed0c1d241b
  repo: https://github.com/golang/sys.git
  subpackages:
  - unix
  - windows
- name: gopkg.in/go-playground/validator.v8
  version: 5f1438d3fca68893a817e4a66806cea46a9e4ebf
  repo: https://github.com/go-playground/validator.git
- name: gopkg.in/urfave/cli.v2
  version: d3ae77c26ac8db90639677e4831a728d33c36111
  repo: https://github.com/urfave/cli.git
- name: gopkg.in/yaml.v2
  version: 5420a8b6744d3b0345ab293f6fcba19c978f1183
  repo: https://github.com/go-yaml/yaml.git
testImports:
- name: github.com/davecgh/go-spew
  version: 8991bc29aa16c548c550c7ff78260e27b9ab7c73
  subpackages:
  - spew
- name: github.com/pmezard/go-difflib
  version: 792786c7400a136282c1664665ae0a8db921c6c2
  subpackages:
  - difflib
- name: github.com/stretchr/testify
  version: f35b8ab0b5a2cef36673838d662e249dd9c94686
  subpackages:
  - assert
